
Microsoft Visual Studio Solution File, Format Version 12.00
# Visual Studio 15
VisualStudioVersion = 15.0.28307.106
MinimumVisualStudioVersion = 10.0.40219.1
Project("{FAE04EC0-301F-11D3-BF4B-00C04F79EFBC}") = "Watermarker", "Watermarker\Watermarker.csproj", "{A85FE8D3-B12B-4018-BE36-374782955CE2}"
EndProject
Global
	GlobalSection(SolutionConfigurationPlatforms) = preSolution
		Debug|Any CPU = Debug|Any CPU
		Release|Any CPU = Release|Any CPU
	EndGlobalSection
	GlobalSection(ProjectConfigurationPlatforms) = postSolution
		{A85FE8D3-B12B-4018-BE36-374782955CE2}.Debug|Any CPU.ActiveCfg = Debug|Any CPU
		{A85FE8D3-B12B-4018-BE36-374782955CE2}.Debug|Any CPU.Build.0 = Debug|Any CPU
		{A85FE8D3-B12B-4018-BE36-374782955CE2}.Release|Any CPU.ActiveCfg = Release|Any CPU
		{A85FE8D3-B12B-4018-BE36-374782955CE2}.Release|Any CPU.Build.0 = Release|Any CPU
	EndGlobalSection
	GlobalSection(SolutionProperties) = preSolution
		HideSolutionNode = FALSE
	EndGlobalSection
	GlobalSection(ExtensibilityGlobals) = postSolution
		SolutionGuid = {1093530B-0FE5-4160-80C5-34F3C007A664}
	EndGlobalSection
EndGlobal
